
Microsoft Visual Studio Solution File, Format Version 12.00
# Visual Studio Version 16
VisualStudioVersion = 16.0.31112.23
MinimumVisualStudioVersion = 10.0.40219.1
Project("{FAE04EC0-301F-11D3-BF4B-00C04F79EFBC}") = "Exercise 2", "Exercise 2\Exercise 2.csproj", "{73117CE2-7FCF-44BF-8D84-A1D60E1CBE27}"
EndProject
Global
	GlobalSection(SolutionConfigurationPlatforms) = preSolution
		Debug|Any CPU = Debug|Any CPU
		Release|Any CPU = Release|Any CPU
	EndGlobalSection
	GlobalSection(ProjectConfigurationPlatforms) = postSolution
		{73117CE2-7FCF-44BF-8D84-A1D60E1CBE27}.Debug|Any CPU.ActiveCfg = Debug|Any CPU
		{73117CE2-7FCF-44BF-8D84-A1D60E1CBE27}.Debug|Any CPU.Build.0 = Debug|Any CPU
		{73117CE2-7FCF-44BF-8D84-A1D60E1CBE27}.Release|Any CPU.ActiveCfg = Release|Any CPU
		{73117CE2-7FCF-44BF-8D84-A1D60E1CBE27}.Release|Any CPU.Build.0 = Release|Any CPU
	EndGlobalSection
	GlobalSection(SolutionProperties) = preSolution
		HideSolutionNode = FALSE
	EndGlobalSection
	GlobalSection(ExtensibilityGlobals) = postSolution
		SolutionGuid = {9A9BFB79-AEB8-4EC3-8D63-E97207A09C69}
	EndGlobalSection
EndGlobal
