
Microsoft Visual Studio Solution File, Format Version 12.00
# Visual Studio Version 16
VisualStudioVersion = 16.0.31112.23
MinimumVisualStudioVersion = 10.0.40219.1
Project("{FAE04EC0-301F-11D3-BF4B-00C04F79EFBC}") = "Exercise2", "Exercise2\Exercise2.csproj", "{700AA150-D26F-4A5E-BBE3-0F84516D5AF9}"
EndProject
Global
	GlobalSection(SolutionConfigurationPlatforms) = preSolution
		Debug|Any CPU = Debug|Any CPU
		Release|Any CPU = Release|Any CPU
	EndGlobalSection
	GlobalSection(ProjectConfigurationPlatforms) = postSolution
		{700AA150-D26F-4A5E-BBE3-0F84516D5AF9}.Debug|Any CPU.ActiveCfg = Debug|Any CPU
		{700AA150-D26F-4A5E-BBE3-0F84516D5AF9}.Debug|Any CPU.Build.0 = Debug|Any CPU
		{700AA150-D26F-4A5E-BBE3-0F84516D5AF9}.Release|Any CPU.ActiveCfg = Release|Any CPU
		{700AA150-D26F-4A5E-BBE3-0F84516D5AF9}.Release|Any CPU.Build.0 = Release|Any CPU
	EndGlobalSection
	GlobalSection(SolutionProperties) = preSolution
		HideSolutionNode = FALSE
	EndGlobalSection
	GlobalSection(ExtensibilityGlobals) = postSolution
		SolutionGuid = {EDC6ED92-A317-4643-8A81-2D326B7FCEA3}
	EndGlobalSection
EndGlobal
