
Microsoft Visual Studio Solution File, Format Version 12.00
# Visual Studio Version 16
VisualStudioVersion = 16.0.31112.23
MinimumVisualStudioVersion = 10.0.40219.1
Project("{FAE04EC0-301F-11D3-BF4B-00C04F79EFBC}") = "Exercise 2", "Exercise 2\Exercise 2.csproj", "{CD37A3A8-4855-47C3-890A-74495C43132E}"
EndProject
Global
	GlobalSection(SolutionConfigurationPlatforms) = preSolution
		Debug|Any CPU = Debug|Any CPU
		Release|Any CPU = Release|Any CPU
	EndGlobalSection
	GlobalSection(ProjectConfigurationPlatforms) = postSolution
		{CD37A3A8-4855-47C3-890A-74495C43132E}.Debug|Any CPU.ActiveCfg = Debug|Any CPU
		{CD37A3A8-4855-47C3-890A-74495C43132E}.Debug|Any CPU.Build.0 = Debug|Any CPU
		{CD37A3A8-4855-47C3-890A-74495C43132E}.Release|Any CPU.ActiveCfg = Release|Any CPU
		{CD37A3A8-4855-47C3-890A-74495C43132E}.Release|Any CPU.Build.0 = Release|Any CPU
	EndGlobalSection
	GlobalSection(SolutionProperties) = preSolution
		HideSolutionNode = FALSE
	EndGlobalSection
	GlobalSection(ExtensibilityGlobals) = postSolution
		SolutionGuid = {C19FCAE0-FE66-4FD6-89F9-4DDAEEDAACB8}
	EndGlobalSection
EndGlobal
