
Microsoft Visual Studio Solution File, Format Version 12.00
# Visual Studio Version 16
VisualStudioVersion = 16.0.31019.35
MinimumVisualStudioVersion = 10.0.40219.1
Project("{FAE04EC0-301F-11D3-BF4B-00C04F79EFBC}") = "CPlayground", "CPlayground\CPlayground.csproj", "{3D1C1D34-997B-48B2-835D-3366CF4CF35B}"
EndProject
Global
	GlobalSection(SolutionConfigurationPlatforms) = preSolution
		Debug|Any CPU = Debug|Any CPU
		Release|Any CPU = Release|Any CPU
	EndGlobalSection
	GlobalSection(ProjectConfigurationPlatforms) = postSolution
		{3D1C1D34-997B-48B2-835D-3366CF4CF35B}.Debug|Any CPU.ActiveCfg = Debug|Any CPU
		{3D1C1D34-997B-48B2-835D-3366CF4CF35B}.Debug|Any CPU.Build.0 = Debug|Any CPU
		{3D1C1D34-997B-48B2-835D-3366CF4CF35B}.Release|Any CPU.ActiveCfg = Release|Any CPU
		{3D1C1D34-997B-48B2-835D-3366CF4CF35B}.Release|Any CPU.Build.0 = Release|Any CPU
	EndGlobalSection
	GlobalSection(SolutionProperties) = preSolution
		HideSolutionNode = FALSE
	EndGlobalSection
	GlobalSection(ExtensibilityGlobals) = postSolution
		SolutionGuid = {60FBA752-1716-48FC-8592-27415E363DD3}
	EndGlobalSection
EndGlobal
