
Microsoft Visual Studio Solution File, Format Version 12.00
# Visual Studio Version 16
VisualStudioVersion = 16.0.31112.23
MinimumVisualStudioVersion = 10.0.40219.1
Project("{FAE04EC0-301F-11D3-BF4B-00C04F79EFBC}") = "Exercise 4", "Exercise 4\Exercise 4.csproj", "{5E8B7B35-3170-4350-9EE5-CDA0D2CE2382}"
EndProject
Global
	GlobalSection(SolutionConfigurationPlatforms) = preSolution
		Debug|Any CPU = Debug|Any CPU
		Release|Any CPU = Release|Any CPU
	EndGlobalSection
	GlobalSection(ProjectConfigurationPlatforms) = postSolution
		{5E8B7B35-3170-4350-9EE5-CDA0D2CE2382}.Debug|Any CPU.ActiveCfg = Debug|Any CPU
		{5E8B7B35-3170-4350-9EE5-CDA0D2CE2382}.Debug|Any CPU.Build.0 = Debug|Any CPU
		{5E8B7B35-3170-4350-9EE5-CDA0D2CE2382}.Release|Any CPU.ActiveCfg = Release|Any CPU
		{5E8B7B35-3170-4350-9EE5-CDA0D2CE2382}.Release|Any CPU.Build.0 = Release|Any CPU
	EndGlobalSection
	GlobalSection(SolutionProperties) = preSolution
		HideSolutionNode = FALSE
	EndGlobalSection
	GlobalSection(ExtensibilityGlobals) = postSolution
		SolutionGuid = {10168C48-E585-447F-810C-BFA32F3D414F}
	EndGlobalSection
EndGlobal
