
Microsoft Visual Studio Solution File, Format Version 12.00
# Visual Studio Version 16
VisualStudioVersion = 16.0.31019.35
MinimumVisualStudioVersion = 10.0.40219.1
Project("{FAE04EC0-301F-11D3-BF4B-00C04F79EFBC}") = "ifstat", "ifstat\ifstat.csproj", "{C9682BDA-2B9A-4EE4-A75D-FFA9FC5A7023}"
EndProject
Global
	GlobalSection(SolutionConfigurationPlatforms) = preSolution
		Debug|Any CPU = Debug|Any CPU
		Release|Any CPU = Release|Any CPU
	EndGlobalSection
	GlobalSection(ProjectConfigurationPlatforms) = postSolution
		{C9682BDA-2B9A-4EE4-A75D-FFA9FC5A7023}.Debug|Any CPU.ActiveCfg = Debug|Any CPU
		{C9682BDA-2B9A-4EE4-A75D-FFA9FC5A7023}.Debug|Any CPU.Build.0 = Debug|Any CPU
		{C9682BDA-2B9A-4EE4-A75D-FFA9FC5A7023}.Release|Any CPU.ActiveCfg = Release|Any CPU
		{C9682BDA-2B9A-4EE4-A75D-FFA9FC5A7023}.Release|Any CPU.Build.0 = Release|Any CPU
	EndGlobalSection
	GlobalSection(SolutionProperties) = preSolution
		HideSolutionNode = FALSE
	EndGlobalSection
	GlobalSection(ExtensibilityGlobals) = postSolution
		SolutionGuid = {D43E7573-A4F0-4C38-8848-1BF61CB08844}
	EndGlobalSection
EndGlobal
