
Microsoft Visual Studio Solution File, Format Version 12.00
# Visual Studio Version 16
VisualStudioVersion = 16.0.31019.35
MinimumVisualStudioVersion = 10.0.40219.1
Project("{FAE04EC0-301F-11D3-BF4B-00C04F79EFBC}") = "Classes", "Classes\Classes.csproj", "{B8AF653E-2979-4B36-BFC5-22400631ED0E}"
EndProject
Global
	GlobalSection(SolutionConfigurationPlatforms) = preSolution
		Debug|Any CPU = Debug|Any CPU
		Release|Any CPU = Release|Any CPU
	EndGlobalSection
	GlobalSection(ProjectConfigurationPlatforms) = postSolution
		{B8AF653E-2979-4B36-BFC5-22400631ED0E}.Debug|Any CPU.ActiveCfg = Debug|Any CPU
		{B8AF653E-2979-4B36-BFC5-22400631ED0E}.Debug|Any CPU.Build.0 = Debug|Any CPU
		{B8AF653E-2979-4B36-BFC5-22400631ED0E}.Release|Any CPU.ActiveCfg = Release|Any CPU
		{B8AF653E-2979-4B36-BFC5-22400631ED0E}.Release|Any CPU.Build.0 = Release|Any CPU
	EndGlobalSection
	GlobalSection(SolutionProperties) = preSolution
		HideSolutionNode = FALSE
	EndGlobalSection
	GlobalSection(ExtensibilityGlobals) = postSolution
		SolutionGuid = {15CC6E46-6C31-4291-87B7-95404929D560}
	EndGlobalSection
EndGlobal
