
Microsoft Visual Studio Solution File, Format Version 12.00
# Visual Studio Version 16
VisualStudioVersion = 16.0.31112.23
MinimumVisualStudioVersion = 10.0.40219.1
Project("{FAE04EC0-301F-11D3-BF4B-00C04F79EFBC}") = "Exercise", "Exercise\Exercise.csproj", "{7C3D33C6-DACB-4E79-98C3-4C32DD37BE92}"
EndProject
Global
	GlobalSection(SolutionConfigurationPlatforms) = preSolution
		Debug|Any CPU = Debug|Any CPU
		Release|Any CPU = Release|Any CPU
	EndGlobalSection
	GlobalSection(ProjectConfigurationPlatforms) = postSolution
		{7C3D33C6-DACB-4E79-98C3-4C32DD37BE92}.Debug|Any CPU.ActiveCfg = Debug|Any CPU
		{7C3D33C6-DACB-4E79-98C3-4C32DD37BE92}.Debug|Any CPU.Build.0 = Debug|Any CPU
		{7C3D33C6-DACB-4E79-98C3-4C32DD37BE92}.Release|Any CPU.ActiveCfg = Release|Any CPU
		{7C3D33C6-DACB-4E79-98C3-4C32DD37BE92}.Release|Any CPU.Build.0 = Release|Any CPU
	EndGlobalSection
	GlobalSection(SolutionProperties) = preSolution
		HideSolutionNode = FALSE
	EndGlobalSection
	GlobalSection(ExtensibilityGlobals) = postSolution
		SolutionGuid = {F554B828-E070-4835-923A-3CE6AFB2CB5E}
	EndGlobalSection
EndGlobal
