
Microsoft Visual Studio Solution File, Format Version 12.00
# Visual Studio Version 16
VisualStudioVersion = 16.0.31112.23
MinimumVisualStudioVersion = 10.0.40219.1
Project("{FAE04EC0-301F-11D3-BF4B-00C04F79EFBC}") = "Exorsice3", "Exorsice3\Exorsice3.csproj", "{C3BA4353-00A8-49A3-A6E2-9DFBE58294FE}"
EndProject
Global
	GlobalSection(SolutionConfigurationPlatforms) = preSolution
		Debug|Any CPU = Debug|Any CPU
		Release|Any CPU = Release|Any CPU
	EndGlobalSection
	GlobalSection(ProjectConfigurationPlatforms) = postSolution
		{C3BA4353-00A8-49A3-A6E2-9DFBE58294FE}.Debug|Any CPU.ActiveCfg = Debug|Any CPU
		{C3BA4353-00A8-49A3-A6E2-9DFBE58294FE}.Debug|Any CPU.Build.0 = Debug|Any CPU
		{C3BA4353-00A8-49A3-A6E2-9DFBE58294FE}.Release|Any CPU.ActiveCfg = Release|Any CPU
		{C3BA4353-00A8-49A3-A6E2-9DFBE58294FE}.Release|Any CPU.Build.0 = Release|Any CPU
	EndGlobalSection
	GlobalSection(SolutionProperties) = preSolution
		HideSolutionNode = FALSE
	EndGlobalSection
	GlobalSection(ExtensibilityGlobals) = postSolution
		SolutionGuid = {8DB0DDB2-9854-4BB7-B283-214BBBD359E8}
	EndGlobalSection
EndGlobal
