
Microsoft Visual Studio Solution File, Format Version 12.00
# Visual Studio Version 16
VisualStudioVersion = 16.0.31112.23
MinimumVisualStudioVersion = 10.0.40219.1
Project("{FAE04EC0-301F-11D3-BF4B-00C04F79EFBC}") = "Exercise1", "Exercise1\Exercise1.csproj", "{2ED0C8FC-A8CB-4F0B-8141-DFD7C4BE6118}"
EndProject
Global
	GlobalSection(SolutionConfigurationPlatforms) = preSolution
		Debug|Any CPU = Debug|Any CPU
		Release|Any CPU = Release|Any CPU
	EndGlobalSection
	GlobalSection(ProjectConfigurationPlatforms) = postSolution
		{2ED0C8FC-A8CB-4F0B-8141-DFD7C4BE6118}.Debug|Any CPU.ActiveCfg = Debug|Any CPU
		{2ED0C8FC-A8CB-4F0B-8141-DFD7C4BE6118}.Debug|Any CPU.Build.0 = Debug|Any CPU
		{2ED0C8FC-A8CB-4F0B-8141-DFD7C4BE6118}.Release|Any CPU.ActiveCfg = Release|Any CPU
		{2ED0C8FC-A8CB-4F0B-8141-DFD7C4BE6118}.Release|Any CPU.Build.0 = Release|Any CPU
	EndGlobalSection
	GlobalSection(SolutionProperties) = preSolution
		HideSolutionNode = FALSE
	EndGlobalSection
	GlobalSection(ExtensibilityGlobals) = postSolution
		SolutionGuid = {667B5C91-6537-491A-B5E7-046297096293}
	EndGlobalSection
EndGlobal
